
Microsoft Visual Studio Solution File, Format Version 12.00
# Visual Studio Version 16
VisualStudioVersion = 16.0.29920.165
MinimumVisualStudioVersion = 10.0.40219.1
Project("{FAE04EC0-301F-11D3-BF4B-00C04F79EFBC}") = "StorekeeperSynchronizer", "StorekeeperSynchronizer.csproj", "{F3B1062D-378C-4BB5-BE9D-85E0F9EC9FAC}"
EndProject
Global
	GlobalSection(SolutionConfigurationPlatforms) = preSolution
		Debug|Any CPU = Debug|Any CPU
		Release|Any CPU = Release|Any CPU
	EndGlobalSection
	GlobalSection(ProjectConfigurationPlatforms) = postSolution
		{F3B1062D-378C-4BB5-BE9D-85E0F9EC9FAC}.Debug|Any CPU.ActiveCfg = Debug|Any CPU
		{F3B1062D-378C-4BB5-BE9D-85E0F9EC9FAC}.Debug|Any CPU.Build.0 = Debug|Any CPU
		{F3B1062D-378C-4BB5-BE9D-85E0F9EC9FAC}.Release|Any CPU.ActiveCfg = Release|Any CPU
		{F3B1062D-378C-4BB5-BE9D-85E0F9EC9FAC}.Release|Any CPU.Build.0 = Release|Any CPU
	EndGlobalSection
	GlobalSection(SolutionProperties) = preSolution
		HideSolutionNode = FALSE
	EndGlobalSection
	GlobalSection(ExtensibilityGlobals) = postSolution
		SolutionGuid = {9B7E76F1-5DAE-43C1-B1D7-C3C72697015C}
	EndGlobalSection
EndGlobal
